// !$*UTF8*$!
{
	archiveVersion = 1;
	classes = {
	};
	objectVersion = 46;
	objects = {

/* Begin PBXBuildFile section */
		52497CA422C161A500686299 /* ESPTouchTask.m in Sources */ = {isa = PBXBuildFile; fileRef = 52497CA222C161A400686299 /* ESPTouchTask.m */; };
		52497CA722C1654B00686299 /* ESPTouchResult.m in Sources */ = {isa = PBXBuildFile; fileRef = 52497CA622C1654B00686299 /* ESPTouchResult.m */; };
		52497CAA22C1663D00686299 /* ESP_NetUtil.m in Sources */ = {isa = PBXBuildFile; fileRef = 52497CA922C1663D00686299 /* ESP_NetUtil.m */; };
		52497CED22C2178100686299 /* ESPAES.m in Sources */ = {isa = PBXBuildFile; fileRef = 52497CEC22C2178100686299 /* ESPAES.m */; };
		52497CF022C217AA00686299 /* ESP_ByteUtil.m in Sources */ = {isa = PBXBuildFile; fileRef = 52497CEE22C217AA00686299 /* ESP_ByteUtil.m */; };
		52497CF322C217DC00686299 /* ESPTouchGenerator.m in Sources */ = {isa = PBXBuildFile; fileRef = 52497CF122C217DC00686299 /* ESPTouchGenerator.m */; };
		52497CF622C217F800686299 /* ESPTouchTaskParameter.m in Sources */ = {isa = PBXBuildFile; fileRef = 52497CF522C217F800686299 /* ESPTouchTaskParameter.m */; };
		52497CFB22C2182000686299 /* ESPUDPSocketServer.m in Sources */ = {isa = PBXBuildFile; fileRef = 52497CF722C2181F00686299 /* ESPUDPSocketServer.m */; };
		52497CFC22C2182000686299 /* ESPUDPSocketClient.m in Sources */ = {isa = PBXBuildFile; fileRef = 52497CFA22C2181F00686299 /* ESPUDPSocketClient.m */; };
		52497D0022C218A500686299 /* ESP_WifiUtil.m in Sources */ = {isa = PBXBuildFile; fileRef = 52497CFE22C218A500686299 /* ESP_WifiUtil.m */; };
		52497D0522C21A1300686299 /* ESPGuideCode.m in Sources */ = {isa = PBXBuildFile; fileRef = 52497D0222C21A1200686299 /* ESPGuideCode.m */; };
		52497D0622C21A1300686299 /* ESPDatumCode.m in Sources */ = {isa = PBXBuildFile; fileRef = 52497D0422C21A1300686299 /* ESPDatumCode.m */; };
		52497D0922C21AF600686299 /* ESPDataCode.m in Sources */ = {isa = PBXBuildFile; fileRef = 52497D0722C21AF500686299 /* ESPDataCode.m */; };
		52497D0C22C21B2500686299 /* ESP_CRC8.m in Sources */ = {isa = PBXBuildFile; fileRef = 52497D0B22C21B2500686299 /* ESP_CRC8.m */; };
		B3E7B58A1CC2AC0600A0062D /* RNSmartconfigNg.m in Sources */ = {isa = PBXBuildFile; fileRef = B3E7B5891CC2AC0600A0062D /* RNSmartconfigNg.m */; };
/* End PBXBuildFile section */

/* Begin PBXCopyFilesBuildPhase section */
		58B511D91A9E6C8500147676 /* CopyFiles */ = {
			isa = PBXCopyFilesBuildPhase;
			buildActionMask = 2147483647;
			dstPath = "include/$(PRODUCT_NAME)";
			dstSubfolderSpec = 16;
			files = (
			);
			runOnlyForDeploymentPostprocessing = 0;
		};
/* End PBXCopyFilesBuildPhase section */

/* Begin PBXFileReference section */
		134814201AA4EA6300B7C361 /* libRNSmartconfigNg.a */ = {isa = PBXFileReference; explicitFileType = archive.ar; includeInIndex = 0; path = libRNSmartconfigNg.a; sourceTree = BUILT_PRODUCTS_DIR; };
		52497CA222C161A400686299 /* ESPTouchTask.m */ = {isa = PBXFileReference; fileEncoding = 4; lastKnownFileType = sourcecode.c.objc; path = ESPTouchTask.m; sourceTree = "<group>"; };
		52497CA322C161A500686299 /* ESPTouchTask.h */ = {isa = PBXFileReference; fileEncoding = 4; lastKnownFileType = sourcecode.c.h; path = ESPTouchTask.h; sourceTree = "<group>"; };
		52497CA522C1654B00686299 /* ESPTouchResult.h */ = {isa = PBXFileReference; fileEncoding = 4; lastKnownFileType = sourcecode.c.h; path = ESPTouchResult.h; sourceTree = "<group>"; };
		52497CA622C1654B00686299 /* ESPTouchResult.m */ = {isa = PBXFileReference; fileEncoding = 4; lastKnownFileType = sourcecode.c.objc; path = ESPTouchResult.m; sourceTree = "<group>"; };
		52497CA822C1663D00686299 /* ESP_NetUtil.h */ = {isa = PBXFileReference; fileEncoding = 4; lastKnownFileType = sourcecode.c.h; path = ESP_NetUtil.h; sourceTree = "<group>"; };
		52497CA922C1663D00686299 /* ESP_NetUtil.m */ = {isa = PBXFileReference; fileEncoding = 4; lastKnownFileType = sourcecode.c.objc; path = ESP_NetUtil.m; sourceTree = "<group>"; };
		52497CEA22C2175E00686299 /* ESPTouchDelegate.h */ = {isa = PBXFileReference; lastKnownFileType = sourcecode.c.h; path = ESPTouchDelegate.h; sourceTree = "<group>"; };
		52497CEB22C2178100686299 /* ESPAES.h */ = {isa = PBXFileReference; fileEncoding = 4; lastKnownFileType = sourcecode.c.h; path = ESPAES.h; sourceTree = "<group>"; };
		52497CEC22C2178100686299 /* ESPAES.m */ = {isa = PBXFileReference; fileEncoding = 4; lastKnownFileType = sourcecode.c.objc; path = ESPAES.m; sourceTree = "<group>"; };
		52497CEE22C217AA00686299 /* ESP_ByteUtil.m */ = {isa = PBXFileReference; fileEncoding = 4; lastKnownFileType = sourcecode.c.objc; path = ESP_ByteUtil.m; sourceTree = "<group>"; };
		52497CEF22C217AA00686299 /* ESP_ByteUtil.h */ = {isa = PBXFileReference; fileEncoding = 4; lastKnownFileType = sourcecode.c.h; path = ESP_ByteUtil.h; sourceTree = "<group>"; };
		52497CF122C217DC00686299 /* ESPTouchGenerator.m */ = {isa = PBXFileReference; fileEncoding = 4; lastKnownFileType = sourcecode.c.objc; path = ESPTouchGenerator.m; sourceTree = "<group>"; };
		52497CF222C217DC00686299 /* ESPTouchGenerator.h */ = {isa = PBXFileReference; fileEncoding = 4; lastKnownFileType = sourcecode.c.h; path = ESPTouchGenerator.h; sourceTree = "<group>"; };
		52497CF422C217F800686299 /* ESPTouchTaskParameter.h */ = {isa = PBXFileReference; fileEncoding = 4; lastKnownFileType = sourcecode.c.h; path = ESPTouchTaskParameter.h; sourceTree = "<group>"; };
		52497CF522C217F800686299 /* ESPTouchTaskParameter.m */ = {isa = PBXFileReference; fileEncoding = 4; lastKnownFileType = sourcecode.c.objc; path = ESPTouchTaskParameter.m; sourceTree = "<group>"; };
		52497CF722C2181F00686299 /* ESPUDPSocketServer.m */ = {isa = PBXFileReference; fileEncoding = 4; lastKnownFileType = sourcecode.c.objc; path = ESPUDPSocketServer.m; sourceTree = "<group>"; };
		52497CF822C2181F00686299 /* ESPUDPSocketServer.h */ = {isa = PBXFileReference; fileEncoding = 4; lastKnownFileType = sourcecode.c.h; path = ESPUDPSocketServer.h; sourceTree = "<group>"; };
		52497CF922C2181F00686299 /* ESPUDPSocketClient.h */ = {isa = PBXFileReference; fileEncoding = 4; lastKnownFileType = sourcecode.c.h; path = ESPUDPSocketClient.h; sourceTree = "<group>"; };
		52497CFA22C2181F00686299 /* ESPUDPSocketClient.m */ = {isa = PBXFileReference; fileEncoding = 4; lastKnownFileType = sourcecode.c.objc; path = ESPUDPSocketClient.m; sourceTree = "<group>"; };
		52497CFD22C2188B00686299 /* ESPVersionMacro.h */ = {isa = PBXFileReference; lastKnownFileType = sourcecode.c.h; path = ESPVersionMacro.h; sourceTree = "<group>"; };
		52497CFE22C218A500686299 /* ESP_WifiUtil.m */ = {isa = PBXFileReference; fileEncoding = 4; lastKnownFileType = sourcecode.c.objc; path = ESP_WifiUtil.m; sourceTree = "<group>"; };
		52497CFF22C218A500686299 /* ESP_WifiUtil.h */ = {isa = PBXFileReference; fileEncoding = 4; lastKnownFileType = sourcecode.c.h; path = ESP_WifiUtil.h; sourceTree = "<group>"; };
		52497D0122C21A1200686299 /* ESPDatumCode.h */ = {isa = PBXFileReference; fileEncoding = 4; lastKnownFileType = sourcecode.c.h; path = ESPDatumCode.h; sourceTree = "<group>"; };
		52497D0222C21A1200686299 /* ESPGuideCode.m */ = {isa = PBXFileReference; fileEncoding = 4; lastKnownFileType = sourcecode.c.objc; path = ESPGuideCode.m; sourceTree = "<group>"; };
		52497D0322C21A1200686299 /* ESPGuideCode.h */ = {isa = PBXFileReference; fileEncoding = 4; lastKnownFileType = sourcecode.c.h; path = ESPGuideCode.h; sourceTree = "<group>"; };
		52497D0422C21A1300686299 /* ESPDatumCode.m */ = {isa = PBXFileReference; fileEncoding = 4; lastKnownFileType = sourcecode.c.objc; path = ESPDatumCode.m; sourceTree = "<group>"; };
		52497D0722C21AF500686299 /* ESPDataCode.m */ = {isa = PBXFileReference; fileEncoding = 4; lastKnownFileType = sourcecode.c.objc; path = ESPDataCode.m; sourceTree = "<group>"; };
		52497D0822C21AF500686299 /* ESPDataCode.h */ = {isa = PBXFileReference; fileEncoding = 4; lastKnownFileType = sourcecode.c.h; path = ESPDataCode.h; sourceTree = "<group>"; };
		52497D0A22C21B2500686299 /* ESP_CRC8.h */ = {isa = PBXFileReference; fileEncoding = 4; lastKnownFileType = sourcecode.c.h; path = ESP_CRC8.h; sourceTree = "<group>"; };
		52497D0B22C21B2500686299 /* ESP_CRC8.m */ = {isa = PBXFileReference; fileEncoding = 4; lastKnownFileType = sourcecode.c.objc; path = ESP_CRC8.m; sourceTree = "<group>"; };
		B3E7B5881CC2AC0600A0062D /* RNSmartconfigNg.h */ = {isa = PBXFileReference; fileEncoding = 4; lastKnownFileType = sourcecode.c.h; path = RNSmartconfigNg.h; sourceTree = "<group>"; };
		B3E7B5891CC2AC0600A0062D /* RNSmartconfigNg.m */ = {isa = PBXFileReference; fileEncoding = 4; lastKnownFileType = sourcecode.c.objc; path = RNSmartconfigNg.m; sourceTree = "<group>"; };
/* End PBXFileReference section */

/* Begin PBXFrameworksBuildPhase section */
		58B511D81A9E6C8500147676 /* Frameworks */ = {
			isa = PBXFrameworksBuildPhase;
			buildActionMask = 2147483647;
			files = (
			);
			runOnlyForDeploymentPostprocessing = 0;
		};
/* End PBXFrameworksBuildPhase section */

/* Begin PBXGroup section */
		134814211AA4EA7D00B7C361 /* Products */ = {
			isa = PBXGroup;
			children = (
				134814201AA4EA6300B7C361 /* libRNSmartconfigNg.a */,
			);
			name = Products;
			sourceTree = "<group>";
		};
		58B511D21A9E6C8500147676 = {
			isa = PBXGroup;
			children = (
				B3E7B5881CC2AC0600A0062D /* RNSmartconfigNg.h */,
				B3E7B5891CC2AC0600A0062D /* RNSmartconfigNg.m */,
				52497CA322C161A500686299 /* ESPTouchTask.h */,
				52497CA222C161A400686299 /* ESPTouchTask.m */,
				52497CF222C217DC00686299 /* ESPTouchGenerator.h */,
				52497CF122C217DC00686299 /* ESPTouchGenerator.m */,
				52497CF422C217F800686299 /* ESPTouchTaskParameter.h */,
				52497CF522C217F800686299 /* ESPTouchTaskParameter.m */,
				52497CA522C1654B00686299 /* ESPTouchResult.h */,
				52497CA622C1654B00686299 /* ESPTouchResult.m */,
				52497CEA22C2175E00686299 /* ESPTouchDelegate.h */,
				52497CEB22C2178100686299 /* ESPAES.h */,
				52497CEC22C2178100686299 /* ESPAES.m */,
				52497D0822C21AF500686299 /* ESPDataCode.h */,
				52497D0722C21AF500686299 /* ESPDataCode.m */,
				52497D0122C21A1200686299 /* ESPDatumCode.h */,
				52497D0422C21A1300686299 /* ESPDatumCode.m */,
				52497D0322C21A1200686299 /* ESPGuideCode.h */,
				52497D0222C21A1200686299 /* ESPGuideCode.m */,
				52497CF922C2181F00686299 /* ESPUDPSocketClient.h */,
				52497CFA22C2181F00686299 /* ESPUDPSocketClient.m */,
				52497CF822C2181F00686299 /* ESPUDPSocketServer.h */,
				52497CF722C2181F00686299 /* ESPUDPSocketServer.m */,
				52497CEF22C217AA00686299 /* ESP_ByteUtil.h */,
				52497CEE22C217AA00686299 /* ESP_ByteUtil.m */,
				52497D0A22C21B2500686299 /* ESP_CRC8.h */,
				52497D0B22C21B2500686299 /* ESP_CRC8.m */,
				52497CA822C1663D00686299 /* ESP_NetUtil.h */,
				52497CA922C1663D00686299 /* ESP_NetUtil.m */,
				52497CFF22C218A500686299 /* ESP_WifiUtil.h */,
				52497CFE22C218A500686299 /* ESP_WifiUtil.m */,
				52497CFD22C2188B00686299 /* ESPVersionMacro.h */,
				134814211AA4EA7D00B7C361 /* Products */,
			);
			sourceTree = "<group>";
		};
/* End PBXGroup section */

/* Begin PBXNativeTarget section */
		58B511DA1A9E6C8500147676 /* RNSmartconfigNg */ = {
			isa = PBXNativeTarget;
			buildConfigurationList = 58B511EF1A9E6C8500147676 /* Build configuration list for PBXNativeTarget "RNSmartconfigNg" */;
			buildPhases = (
				58B511D71A9E6C8500147676 /* Sources */,
				58B511D81A9E6C8500147676 /* Frameworks */,
				58B511D91A9E6C8500147676 /* CopyFiles */,
			);
			buildRules = (
			);
			dependencies = (
			);
			name = RNSmartconfigNg;
			productName = RCTDataManager;
			productReference = 134814201AA4EA6300B7C361 /* libRNSmartconfigNg.a */;
			productType = "com.apple.product-type.library.static";
		};
/* End PBXNativeTarget section */

/* Begin PBXProject section */
		58B511D31A9E6C8500147676 /* Project object */ = {
			isa = PBXProject;
			attributes = {
				LastUpgradeCheck = 0830;
				ORGANIZATIONNAME = Facebook;
				TargetAttributes = {
					58B511DA1A9E6C8500147676 = {
						CreatedOnToolsVersion = 6.1.1;
					};
				};
			};
			buildConfigurationList = 58B511D61A9E6C8500147676 /* Build configuration list for PBXProject "RNSmartconfigNg" */;
			compatibilityVersion = "Xcode 3.2";
			developmentRegion = English;
			hasScannedForEncodings = 0;
			knownRegions = (
				en,
			);
			mainGroup = 58B511D21A9E6C8500147676;
			productRefGroup = 58B511D21A9E6C8500147676;
			projectDirPath = "";
			projectRoot = "";
			targets = (
				58B511DA1A9E6C8500147676 /* RNSmartconfigNg */,
			);
		};
/* End PBXProject section */

/* Begin PBXSourcesBuildPhase section */
		58B511D71A9E6C8500147676 /* Sources */ = {
			isa = PBXSourcesBuildPhase;
			buildActionMask = 2147483647;
			files = (
				52497CF022C217AA00686299 /* ESP_ByteUtil.m in Sources */,
				52497CF622C217F800686299 /* ESPTouchTaskParameter.m in Sources */,
				52497D0522C21A1300686299 /* ESPGuideCode.m in Sources */,
				52497D0922C21AF600686299 /* ESPDataCode.m in Sources */,
				52497CAA22C1663D00686299 /* ESP_NetUtil.m in Sources */,
				B3E7B58A1CC2AC0600A0062D /* RNSmartconfigNg.m in Sources */,
				52497D0022C218A500686299 /* ESP_WifiUtil.m in Sources */,
				52497D0C22C21B2500686299 /* ESP_CRC8.m in Sources */,
				52497CFC22C2182000686299 /* ESPUDPSocketClient.m in Sources */,
				52497CA422C161A500686299 /* ESPTouchTask.m in Sources */,
				52497CA722C1654B00686299 /* ESPTouchResult.m in Sources */,
				52497CED22C2178100686299 /* ESPAES.m in Sources */,
				52497CF322C217DC00686299 /* ESPTouchGenerator.m in Sources */,
				52497D0622C21A1300686299 /* ESPDatumCode.m in Sources */,
				52497CFB22C2182000686299 /* ESPUDPSocketServer.m in Sources */,
			);
			runOnlyForDeploymentPostprocessing = 0;
		};
/* End PBXSourcesBuildPhase section */

/* Begin XCBuildConfiguration section */
		58B511ED1A9E6C8500147676 /* Debug */ = {
			isa = XCBuildConfiguration;
			buildSettings = {
				ALWAYS_SEARCH_USER_PATHS = NO;
				CLANG_CXX_LANGUAGE_STANDARD = "gnu++0x";
				CLANG_CXX_LIBRARY = "libc++";
				CLANG_ENABLE_MODULES = YES;
				CLANG_ENABLE_OBJC_ARC = YES;
				CLANG_WARN_BOOL_CONVERSION = YES;
				CLANG_WARN_CONSTANT_CONVERSION = YES;
				CLANG_WARN_DIRECT_OBJC_ISA_USAGE = YES_ERROR;
				CLANG_WARN_EMPTY_BODY = YES;
				CLANG_WARN_ENUM_CONVERSION = YES;
				CLANG_WARN_INFINITE_RECURSION = YES;
				CLANG_WARN_INT_CONVERSION = YES;
				CLANG_WARN_OBJC_ROOT_CLASS = YES_ERROR;
				CLANG_WARN_SUSPICIOUS_MOVE = YES;
				CLANG_WARN_UNREACHABLE_CODE = YES;
				CLANG_WARN__DUPLICATE_METHOD_MATCH = YES;
				COPY_PHASE_STRIP = NO;
				ENABLE_STRICT_OBJC_MSGSEND = YES;
				ENABLE_TESTABILITY = YES;
				GCC_C_LANGUAGE_STANDARD = gnu99;
				GCC_DYNAMIC_NO_PIC = NO;
				GCC_NO_COMMON_BLOCKS = YES;
				GCC_OPTIMIZATION_LEVEL = 0;
				GCC_PREPROCESSOR_DEFINITIONS = (
					"DEBUG=1",
					"$(inherited)",
				);
				GCC_SYMBOLS_PRIVATE_EXTERN = NO;
				GCC_WARN_64_TO_32_BIT_CONVERSION = YES;
				GCC_WARN_ABOUT_RETURN_TYPE = YES_ERROR;
				GCC_WARN_UNDECLARED_SELECTOR = YES;
				GCC_WARN_UNINITIALIZED_AUTOS = YES_AGGRESSIVE;
				GCC_WARN_UNUSED_FUNCTION = YES;
				GCC_WARN_UNUSED_VARIABLE = YES;
				IPHONEOS_DEPLOYMENT_TARGET = 8.0;
				MTL_ENABLE_DEBUG_INFO = YES;
				ONLY_ACTIVE_ARCH = YES;
				SDKROOT = iphoneos;
			};
			name = Debug;
		};
		58B511EE1A9E6C8500147676 /* Release */ = {
			isa = XCBuildConfiguration;
			buildSettings = {
				ALWAYS_SEARCH_USER_PATHS = NO;
				CLANG_CXX_LANGUAGE_STANDARD = "gnu++0x";
				CLANG_CXX_LIBRARY = "libc++";
				CLANG_ENABLE_MODULES = YES;
				CLANG_ENABLE_OBJC_ARC = YES;
				CLANG_WARN_BOOL_CONVERSION = YES;
				CLANG_WARN_CONSTANT_CONVERSION = YES;
				CLANG_WARN_DIRECT_OBJC_ISA_USAGE = YES_ERROR;
				CLANG_WARN_EMPTY_BODY = YES;
				CLANG_WARN_ENUM_CONVERSION = YES;
				CLANG_WARN_INFINITE_RECURSION = YES;
				CLANG_WARN_INT_CONVERSION = YES;
				CLANG_WARN_OBJC_ROOT_CLASS = YES_ERROR;
				CLANG_WARN_SUSPICIOUS_MOVE = YES;
				CLANG_WARN_UNREACHABLE_CODE = YES;
				CLANG_WARN__DUPLICATE_METHOD_MATCH = YES;
				COPY_PHASE_STRIP = YES;
				ENABLE_NS_ASSERTIONS = NO;
				ENABLE_STRICT_OBJC_MSGSEND = YES;
				GCC_C_LANGUAGE_STANDARD = gnu99;
				GCC_NO_COMMON_BLOCKS = YES;
				GCC_WARN_64_TO_32_BIT_CONVERSION = YES;
				GCC_WARN_ABOUT_RETURN_TYPE = YES_ERROR;
				GCC_WARN_UNDECLARED_SELECTOR = YES;
				GCC_WARN_UNINITIALIZED_AUTOS = YES_AGGRESSIVE;
				GCC_WARN_UNUSED_FUNCTION = YES;
				GCC_WARN_UNUSED_VARIABLE = YES;
				IPHONEOS_DEPLOYMENT_TARGET = 8.0;
				MTL_ENABLE_DEBUG_INFO = NO;
				SDKROOT = iphoneos;
				VALIDATE_PRODUCT = YES;
			};
			name = Release;
		};
		58B511F01A9E6C8500147676 /* Debug */ = {
			isa = XCBuildConfiguration;
			buildSettings = {
				HEADER_SEARCH_PATHS = (
					"$(inherited)",
					/Applications/Xcode.app/Contents/Developer/Toolchains/XcodeDefault.xctoolchain/usr/include,
					"$(SRCROOT)/../../../React/**",
					"$(SRCROOT)/../../react-native/React/**",
				);
				LIBRARY_SEARCH_PATHS = "$(inherited)";
				OTHER_LDFLAGS = "-ObjC";
				PRODUCT_NAME = RNSmartconfigNg;
				SKIP_INSTALL = YES;
			};
			name = Debug;
		};
		58B511F11A9E6C8500147676 /* Release */ = {
			isa = XCBuildConfiguration;
			buildSettings = {
				HEADER_SEARCH_PATHS = (
					"$(inherited)",
					/Applications/Xcode.app/Contents/Developer/Toolchains/XcodeDefault.xctoolchain/usr/include,
					"$(SRCROOT)/../../../React/**",
					"$(SRCROOT)/../../react-native/React/**",
				);
				LIBRARY_SEARCH_PATHS = "$(inherited)";
				OTHER_LDFLAGS = "-ObjC";
				PRODUCT_NAME = RNSmartconfigNg;
				SKIP_INSTALL = YES;
			};
			name = Release;
		};
/* End XCBuildConfiguration section */

/* Begin XCConfigurationList section */
		58B511D61A9E6C8500147676 /* Build configuration list for PBXProject "RNSmartconfigNg" */ = {
			isa = XCConfigurationList;
			buildConfigurations = (
				58B511ED1A9E6C8500147676 /* Debug */,
				58B511EE1A9E6C8500147676 /* Release */,
			);
			defaultConfigurationIsVisible = 0;
			defaultConfigurationName = Release;
		};
		58B511EF1A9E6C8500147676 /* Build configuration list for PBXNativeTarget "RNSmartconfigNg" */ = {
			isa = XCConfigurationList;
			buildConfigurations = (
				58B511F01A9E6C8500147676 /* Debug */,
				58B511F11A9E6C8500147676 /* Release */,
			);
			defaultConfigurationIsVisible = 0;
			defaultConfigurationName = Release;
		};
/* End XCConfigurationList section */
	};
	rootObject = 58B511D31A9E6C8500147676 /* Project object */;
}
